
Microsoft Visual Studio Solution File, Format Version 12.00
# Visual Studio Version 17
VisualStudioVersion = 17.0.32112.339
MinimumVisualStudioVersion = 10.0.40219.1
Project("{9A19103F-16F7-4668-BE54-9A1E7A4F7556}") = "Minesweeper", "MinesweeperClasses\Minesweeper.csproj", "{3CE773D7-5D3E-4022-8227-EB4253F45AA6}"
EndProject
Project("{9A19103F-16F7-4668-BE54-9A1E7A4F7556}") = "MineSweeper.Test", "MineSweeper.Test\MineSweeper.Test.csproj", "{799F3820-9DBB-4CFF-AC18-A87333A5FD0B}"
EndProject
Project("{FAE04EC0-301F-11D3-BF4B-00C04F79EFBC}") = "Minesweeper.Web", "Minesweeper.Web\Minesweeper.Web.csproj", "{2683AE0C-AF1C-4CF4-92F4-51C1B3FC0571}"
EndProject
Project("{FAE04EC0-301F-11D3-BF4B-00C04F79EFBC}") = "Minesweeper.Lib", "Minesweeper.Lib\Minesweeper.Lib.csproj", "{AE320F91-BBD2-445B-9D1D-63EC428EBFFB}"
EndProject
Global
	GlobalSection(SolutionConfigurationPlatforms) = preSolution
		Debug|Any CPU = Debug|Any CPU
		Release|Any CPU = Release|Any CPU
	EndGlobalSection
	GlobalSection(ProjectConfigurationPlatforms) = postSolution
		{3CE773D7-5D3E-4022-8227-EB4253F45AA6}.Debug|Any CPU.ActiveCfg = Debug|Any CPU
		{3CE773D7-5D3E-4022-8227-EB4253F45AA6}.Debug|Any CPU.Build.0 = Debug|Any CPU
		{3CE773D7-5D3E-4022-8227-EB4253F45AA6}.Release|Any CPU.ActiveCfg = Release|Any CPU
		{3CE773D7-5D3E-4022-8227-EB4253F45AA6}.Release|Any CPU.Build.0 = Release|Any CPU
		{799F3820-9DBB-4CFF-AC18-A87333A5FD0B}.Debug|Any CPU.ActiveCfg = Debug|Any CPU
		{799F3820-9DBB-4CFF-AC18-A87333A5FD0B}.Debug|Any CPU.Build.0 = Debug|Any CPU
		{799F3820-9DBB-4CFF-AC18-A87333A5FD0B}.Release|Any CPU.ActiveCfg = Release|Any CPU
		{799F3820-9DBB-4CFF-AC18-A87333A5FD0B}.Release|Any CPU.Build.0 = Release|Any CPU
		{2683AE0C-AF1C-4CF4-92F4-51C1B3FC0571}.Debug|Any CPU.ActiveCfg = Debug|Any CPU
		{2683AE0C-AF1C-4CF4-92F4-51C1B3FC0571}.Debug|Any CPU.Build.0 = Debug|Any CPU
		{2683AE0C-AF1C-4CF4-92F4-51C1B3FC0571}.Release|Any CPU.ActiveCfg = Release|Any CPU
		{2683AE0C-AF1C-4CF4-92F4-51C1B3FC0571}.Release|Any CPU.Build.0 = Release|Any CPU
		{AE320F91-BBD2-445B-9D1D-63EC428EBFFB}.Debug|Any CPU.ActiveCfg = Debug|Any CPU
		{AE320F91-BBD2-445B-9D1D-63EC428EBFFB}.Debug|Any CPU.Build.0 = Debug|Any CPU
		{AE320F91-BBD2-445B-9D1D-63EC428EBFFB}.Release|Any CPU.ActiveCfg = Release|Any CPU
		{AE320F91-BBD2-445B-9D1D-63EC428EBFFB}.Release|Any CPU.Build.0 = Release|Any CPU
	EndGlobalSection
	GlobalSection(SolutionProperties) = preSolution
		HideSolutionNode = FALSE
	EndGlobalSection
	GlobalSection(ExtensibilityGlobals) = postSolution
		SolutionGuid = {62853F1B-CC0E-43D4-B418-F4210AF2D142}
	EndGlobalSection
EndGlobal
